// !$*UTF8*$!
{
	archiveVersion = 1;
	classes = {
	};
	objectVersion = 56;
	objects = {

/* Begin PBXBuildFile section */
		ADFEB0B52A861B9D00385C3F /* AppDelegate.swift in Sources */ = {isa = PBXBuildFile; fileRef = ADFEB0B42A861B9D00385C3F /* AppDelegate.swift */; };
		ADFEB0BB2A861B9D00385C3F /* GameScene.swift in Sources */ = {isa = PBXBuildFile; fileRef = ADFEB0BA2A861B9D00385C3F /* GameScene.swift */; };
		ADFEB0BD2A861B9D00385C3F /* GameViewController.swift in Sources */ = {isa = PBXBuildFile; fileRef = ADFEB0BC2A861B9D00385C3F /* GameViewController.swift */; };
		ADFEB0C02A861B9D00385C3F /* Main.storyboard in Resources */ = {isa = PBXBuildFile; fileRef = ADFEB0BE2A861B9D00385C3F /* Main.storyboard */; };
		ADFEB0C22A861B9E00385C3F /* Assets.xcassets in Resources */ = {isa = PBXBuildFile; fileRef = ADFEB0C12A861B9E00385C3F /* Assets.xcassets */; };
		ADFEB0C52A861B9E00385C3F /* LaunchScreen.storyboard in Resources */ = {isa = PBXBuildFile; fileRef = ADFEB0C32A861B9E00385C3F /* LaunchScreen.storyboard */; };
		ADFEB0D12A8633A200385C3F /* Background.swift in Sources */ = {isa = PBXBuildFile; fileRef = ADFEB0D02A8633A200385C3F /* Background.swift */; };
		ADFEB0D42A86462000385C3F /* BitMaskCategory.swift in Sources */ = {isa = PBXBuildFile; fileRef = ADFEB0D32A86462000385C3F /* BitMaskCategory.swift */; };
		ADFEB0D62A86566400385C3F /* UmbrellaSprite.swift in Sources */ = {isa = PBXBuildFile; fileRef = ADFEB0D52A86566400385C3F /* UmbrellaSprite.swift */; };
		ADFEB0E52A876A0300385C3F /* bensound-littleidea.mp3 in Resources */ = {isa = PBXBuildFile; fileRef = ADFEB0D92A876A0200385C3F /* bensound-littleidea.mp3 */; };
		ADFEB0E62A876A0300385C3F /* bensound-clearday.mp3 in Resources */ = {isa = PBXBuildFile; fileRef = ADFEB0DA2A876A0200385C3F /* bensound-clearday.mp3 */; };
		ADFEB0E72A876A0300385C3F /* bensound-jazzcomedy.mp3 in Resources */ = {isa = PBXBuildFile; fileRef = ADFEB0DB2A876A0200385C3F /* bensound-jazzcomedy.mp3 */; };
		ADFEB0E82A876A0300385C3F /* bensound-jazzyfrenchy.mp3 in Resources */ = {isa = PBXBuildFile; fileRef = ADFEB0DC2A876A0200385C3F /* bensound-jazzyfrenchy.mp3 */; };
		ADFEB0E92A876A0300385C3F /* cat_meow_5.wav in Resources */ = {isa = PBXBuildFile; fileRef = ADFEB0DE2A876A0200385C3F /* cat_meow_5.wav */; };
		ADFEB0EA2A876A0300385C3F /* cat_meow_6.wav in Resources */ = {isa = PBXBuildFile; fileRef = ADFEB0DF2A876A0200385C3F /* cat_meow_6.wav */; };
		ADFEB0EB2A876A0300385C3F /* cat_meow_3.mp3 in Resources */ = {isa = PBXBuildFile; fileRef = ADFEB0E02A876A0200385C3F /* cat_meow_3.mp3 */; };
		ADFEB0EC2A876A0300385C3F /* cat_meow_2.mp3 in Resources */ = {isa = PBXBuildFile; fileRef = ADFEB0E12A876A0200385C3F /* cat_meow_2.mp3 */; };
		ADFEB0ED2A876A0300385C3F /* cat_meow_1.mp3 in Resources */ = {isa = PBXBuildFile; fileRef = ADFEB0E22A876A0200385C3F /* cat_meow_1.mp3 */; };
		ADFEB0EE2A876A0300385C3F /* cat_meow_4.mp3 in Resources */ = {isa = PBXBuildFile; fileRef = ADFEB0E32A876A0200385C3F /* cat_meow_4.mp3 */; };
		ADFEB0EF2A876A0300385C3F /* cat_meow_7.mp3 in Resources */ = {isa = PBXBuildFile; fileRef = ADFEB0E42A876A0200385C3F /* cat_meow_7.mp3 */; };
		ADFEB0F12A876A5300385C3F /* CatSprite.swift in Sources */ = {isa = PBXBuildFile; fileRef = ADFEB0F02A876A5300385C3F /* CatSprite.swift */; };
		ADFEB0F42A87A15100385C3F /* FoodSprite.swift in Sources */ = {isa = PBXBuildFile; fileRef = ADFEB0F32A87A15100385C3F /* FoodSprite.swift */; };
		ADFEB0F62A88BEC900385C3F /* SoundManager.swift in Sources */ = {isa = PBXBuildFile; fileRef = ADFEB0F52A88BEC900385C3F /* SoundManager.swift */; };
		ADFEB0FB2A8A19BD00385C3F /* Pixel Digivolve.otf in Resources */ = {isa = PBXBuildFile; fileRef = ADFEB0F82A8A151D00385C3F /* Pixel Digivolve.otf */; };
		ADFEB0FC2A8A19CF00385C3F /* Pixel Digivolve Italic.otf in Resources */ = {isa = PBXBuildFile; fileRef = ADFEB0F92A8A152A00385C3F /* Pixel Digivolve Italic.otf */; };
		ADFEB0FF2A8A1D6900385C3F /* HUD.swift in Sources */ = {isa = PBXBuildFile; fileRef = ADFEB0FE2A8A1D6900385C3F /* HUD.swift */; };
		ADFEB1012A8B5E3000385C3F /* MenuScene.swift in Sources */ = {isa = PBXBuildFile; fileRef = ADFEB1002A8B5E3000385C3F /* MenuScene.swift */; };
/* End PBXBuildFile section */

/* Begin PBXFileReference section */
		ADFEB0B12A861B9D00385C3F /* RainCat.app */ = {isa = PBXFileReference; explicitFileType = wrapper.application; includeInIndex = 0; path = RainCat.app; sourceTree = BUILT_PRODUCTS_DIR; };
		ADFEB0B42A861B9D00385C3F /* AppDelegate.swift */ = {isa = PBXFileReference; lastKnownFileType = sourcecode.swift; path = AppDelegate.swift; sourceTree = "<group>"; };
		ADFEB0BA2A861B9D00385C3F /* GameScene.swift */ = {isa = PBXFileReference; lastKnownFileType = sourcecode.swift; path = GameScene.swift; sourceTree = "<group>"; };
		ADFEB0BC2A861B9D00385C3F /* GameViewController.swift */ = {isa = PBXFileReference; lastKnownFileType = sourcecode.swift; path = GameViewController.swift; sourceTree = "<group>"; };
		ADFEB0BF2A861B9D00385C3F /* Base */ = {isa = PBXFileReference; lastKnownFileType = file.storyboard; name = Base; path = Base.lproj/Main.storyboard; sourceTree = "<group>"; };
		ADFEB0C12A861B9E00385C3F /* Assets.xcassets */ = {isa = PBXFileReference; lastKnownFileType = folder.assetcatalog; path = Assets.xcassets; sourceTree = "<group>"; };
		ADFEB0C42A861B9E00385C3F /* Base */ = {isa = PBXFileReference; lastKnownFileType = file.storyboard; name = Base; path = Base.lproj/LaunchScreen.storyboard; sourceTree = "<group>"; };
		ADFEB0D02A8633A200385C3F /* Background.swift */ = {isa = PBXFileReference; lastKnownFileType = sourcecode.swift; path = Background.swift; sourceTree = "<group>"; };
		ADFEB0D32A86462000385C3F /* BitMaskCategory.swift */ = {isa = PBXFileReference; lastKnownFileType = sourcecode.swift; path = BitMaskCategory.swift; sourceTree = "<group>"; };
		ADFEB0D52A86566400385C3F /* UmbrellaSprite.swift */ = {isa = PBXFileReference; lastKnownFileType = sourcecode.swift; path = UmbrellaSprite.swift; sourceTree = "<group>"; };
		ADFEB0D92A876A0200385C3F /* bensound-littleidea.mp3 */ = {isa = PBXFileReference; lastKnownFileType = audio.mp3; path = "bensound-littleidea.mp3"; sourceTree = "<group>"; };
		ADFEB0DA2A876A0200385C3F /* bensound-clearday.mp3 */ = {isa = PBXFileReference; lastKnownFileType = audio.mp3; path = "bensound-clearday.mp3"; sourceTree = "<group>"; };
		ADFEB0DB2A876A0200385C3F /* bensound-jazzcomedy.mp3 */ = {isa = PBXFileReference; lastKnownFileType = audio.mp3; path = "bensound-jazzcomedy.mp3"; sourceTree = "<group>"; };
		ADFEB0DC2A876A0200385C3F /* bensound-jazzyfrenchy.mp3 */ = {isa = PBXFileReference; lastKnownFileType = audio.mp3; path = "bensound-jazzyfrenchy.mp3"; sourceTree = "<group>"; };
		ADFEB0DE2A876A0200385C3F /* cat_meow_5.wav */ = {isa = PBXFileReference; lastKnownFileType = audio.wav; path = cat_meow_5.wav; sourceTree = "<group>"; };
		ADFEB0DF2A876A0200385C3F /* cat_meow_6.wav */ = {isa = PBXFileReference; lastKnownFileType = audio.wav; path = cat_meow_6.wav; sourceTree = "<group>"; };
		ADFEB0E02A876A0200385C3F /* cat_meow_3.mp3 */ = {isa = PBXFileReference; lastKnownFileType = audio.mp3; path = cat_meow_3.mp3; sourceTree = "<group>"; };
		ADFEB0E12A876A0200385C3F /* cat_meow_2.mp3 */ = {isa = PBXFileReference; lastKnownFileType = audio.mp3; path = cat_meow_2.mp3; sourceTree = "<group>"; };
		ADFEB0E22A876A0200385C3F /* cat_meow_1.mp3 */ = {isa = PBXFileReference; lastKnownFileType = audio.mp3; path = cat_meow_1.mp3; sourceTree = "<group>"; };
		ADFEB0E32A876A0200385C3F /* cat_meow_4.mp3 */ = {isa = PBXFileReference; lastKnownFileType = audio.mp3; path = cat_meow_4.mp3; sourceTree = "<group>"; };
		ADFEB0E42A876A0200385C3F /* cat_meow_7.mp3 */ = {isa = PBXFileReference; lastKnownFileType = audio.mp3; path = cat_meow_7.mp3; sourceTree = "<group>"; };
		ADFEB0F02A876A5300385C3F /* CatSprite.swift */ = {isa = PBXFileReference; lastKnownFileType = sourcecode.swift; path = CatSprite.swift; sourceTree = "<group>"; };
		ADFEB0F32A87A15100385C3F /* FoodSprite.swift */ = {isa = PBXFileReference; lastKnownFileType = sourcecode.swift; path = FoodSprite.swift; sourceTree = "<group>"; };
		ADFEB0F52A88BEC900385C3F /* SoundManager.swift */ = {isa = PBXFileReference; lastKnownFileType = sourcecode.swift; path = SoundManager.swift; sourceTree = "<group>"; };
		ADFEB0F82A8A151D00385C3F /* Pixel Digivolve.otf */ = {isa = PBXFileReference; lastKnownFileType = file; path = "Pixel Digivolve.otf"; sourceTree = "<group>"; };
		ADFEB0F92A8A152A00385C3F /* Pixel Digivolve Italic.otf */ = {isa = PBXFileReference; lastKnownFileType = file; path = "Pixel Digivolve Italic.otf"; sourceTree = "<group>"; };
		ADFEB0FD2A8A1A9400385C3F /* Info.plist */ = {isa = PBXFileReference; lastKnownFileType = text.plist.xml; path = Info.plist; sourceTree = "<group>"; };
		ADFEB0FE2A8A1D6900385C3F /* HUD.swift */ = {isa = PBXFileReference; lastKnownFileType = sourcecode.swift; path = HUD.swift; sourceTree = "<group>"; };
		ADFEB1002A8B5E3000385C3F /* MenuScene.swift */ = {isa = PBXFileReference; lastKnownFileType = sourcecode.swift; path = MenuScene.swift; sourceTree = "<group>"; };
/* End PBXFileReference section */

/* Begin PBXFrameworksBuildPhase section */
		ADFEB0AE2A861B9D00385C3F /* Frameworks */ = {
			isa = PBXFrameworksBuildPhase;
			buildActionMask = 2147483647;
			files = (
			);
			runOnlyForDeploymentPostprocessing = 0;
		};
/* End PBXFrameworksBuildPhase section */

/* Begin PBXGroup section */
		ADFEB0A82A861B9D00385C3F = {
			isa = PBXGroup;
			children = (
				ADFEB0B32A861B9D00385C3F /* RainCat */,
				ADFEB0B22A861B9D00385C3F /* Products */,
			);
			sourceTree = "<group>";
		};
		ADFEB0B22A861B9D00385C3F /* Products */ = {
			isa = PBXGroup;
			children = (
				ADFEB0B12A861B9D00385C3F /* RainCat.app */,
			);
			name = Products;
			sourceTree = "<group>";
		};
		ADFEB0B32A861B9D00385C3F /* RainCat */ = {
			isa = PBXGroup;
			children = (
				ADFEB0CD2A86337800385C3F /* App */,
				ADFEB0CF2A86338900385C3F /* Scenes */,
				ADFEB0D72A866EE100385C3F /* Sprites */,
				ADFEB0CC2A86336900385C3F /* ViewControllers */,
				ADFEB0CB2A86335E00385C3F /* Storyboards */,
				ADFEB0F22A876B6300385C3F /* ContactCategory */,
				ADFEB0F72A88BECD00385C3F /* Supporting */,
				ADFEB0CE2A86338000385C3F /* Assets */,
			);
			path = RainCat;
			sourceTree = "<group>";
		};
		ADFEB0CB2A86335E00385C3F /* Storyboards */ = {
			isa = PBXGroup;
			children = (
				ADFEB0BE2A861B9D00385C3F /* Main.storyboard */,
				ADFEB0C32A861B9E00385C3F /* LaunchScreen.storyboard */,
			);
			path = Storyboards;
			sourceTree = "<group>";
		};
		ADFEB0CC2A86336900385C3F /* ViewControllers */ = {
			isa = PBXGroup;
			children = (
				ADFEB0BC2A861B9D00385C3F /* GameViewController.swift */,
			);
			path = ViewControllers;
			sourceTree = "<group>";
		};
		ADFEB0CD2A86337800385C3F /* App */ = {
			isa = PBXGroup;
			children = (
				ADFEB0FD2A8A1A9400385C3F /* Info.plist */,
				ADFEB0B42A861B9D00385C3F /* AppDelegate.swift */,
			);
			path = App;
			sourceTree = "<group>";
		};
		ADFEB0CE2A86338000385C3F /* Assets */ = {
			isa = PBXGroup;
			children = (
				ADFEB0FA2A8A160700385C3F /* Fonts */,
				ADFEB0D82A876A0200385C3F /* Music */,
				ADFEB0DD2A876A0200385C3F /* SFX */,
				ADFEB0C12A861B9E00385C3F /* Assets.xcassets */,
			);
			path = Assets;
			sourceTree = "<group>";
		};
		ADFEB0CF2A86338900385C3F /* Scenes */ = {
			isa = PBXGroup;
			children = (
				ADFEB0BA2A861B9D00385C3F /* GameScene.swift */,
				ADFEB1002A8B5E3000385C3F /* MenuScene.swift */,
			);
			path = Scenes;
			sourceTree = "<group>";
		};
		ADFEB0D72A866EE100385C3F /* Sprites */ = {
			isa = PBXGroup;
			children = (
				ADFEB0D02A8633A200385C3F /* Background.swift */,
				ADFEB0D52A86566400385C3F /* UmbrellaSprite.swift */,
				ADFEB0F02A876A5300385C3F /* CatSprite.swift */,
				ADFEB0F32A87A15100385C3F /* FoodSprite.swift */,
			);
			path = Sprites;
			sourceTree = "<group>";
		};
		ADFEB0D82A876A0200385C3F /* Music */ = {
			isa = PBXGroup;
			children = (
				ADFEB0D92A876A0200385C3F /* bensound-littleidea.mp3 */,
				ADFEB0DA2A876A0200385C3F /* bensound-clearday.mp3 */,
				ADFEB0DB2A876A0200385C3F /* bensound-jazzcomedy.mp3 */,
				ADFEB0DC2A876A0200385C3F /* bensound-jazzyfrenchy.mp3 */,
			);
			path = Music;
			sourceTree = "<group>";
		};
		ADFEB0DD2A876A0200385C3F /* SFX */ = {
			isa = PBXGroup;
			children = (
				ADFEB0DE2A876A0200385C3F /* cat_meow_5.wav */,
				ADFEB0DF2A876A0200385C3F /* cat_meow_6.wav */,
				ADFEB0E02A876A0200385C3F /* cat_meow_3.mp3 */,
				ADFEB0E12A876A0200385C3F /* cat_meow_2.mp3 */,
				ADFEB0E22A876A0200385C3F /* cat_meow_1.mp3 */,
				ADFEB0E32A876A0200385C3F /* cat_meow_4.mp3 */,
				ADFEB0E42A876A0200385C3F /* cat_meow_7.mp3 */,
			);
			path = SFX;
			sourceTree = "<group>";
		};
		ADFEB0F22A876B6300385C3F /* ContactCategory */ = {
			isa = PBXGroup;
			children = (
				ADFEB0D32A86462000385C3F /* BitMaskCategory.swift */,
			);
			path = ContactCategory;
			sourceTree = "<group>";
		};
		ADFEB0F72A88BECD00385C3F /* Supporting */ = {
			isa = PBXGroup;
			children = (
				ADFEB0F52A88BEC900385C3F /* SoundManager.swift */,
				ADFEB0FE2A8A1D6900385C3F /* HUD.swift */,
			);
			path = Supporting;
			sourceTree = "<group>";
		};
		ADFEB0FA2A8A160700385C3F /* Fonts */ = {
			isa = PBXGroup;
			children = (
				ADFEB0F92A8A152A00385C3F /* Pixel Digivolve Italic.otf */,
				ADFEB0F82A8A151D00385C3F /* Pixel Digivolve.otf */,
			);
			path = Fonts;
			sourceTree = "<group>";
		};
/* End PBXGroup section */

/* Begin PBXNativeTarget section */
		ADFEB0B02A861B9D00385C3F /* RainCat */ = {
			isa = PBXNativeTarget;
			buildConfigurationList = ADFEB0C82A861B9E00385C3F /* Build configuration list for PBXNativeTarget "RainCat" */;
			buildPhases = (
				ADFEB0AD2A861B9D00385C3F /* Sources */,
				ADFEB0AE2A861B9D00385C3F /* Frameworks */,
				ADFEB0AF2A861B9D00385C3F /* Resources */,
			);
			buildRules = (
			);
			dependencies = (
			);
			name = RainCat;
			productName = RainCat;
			productReference = ADFEB0B12A861B9D00385C3F /* RainCat.app */;
			productType = "com.apple.product-type.application";
		};
/* End PBXNativeTarget section */

/* Begin PBXProject section */
		ADFEB0A92A861B9D00385C3F /* Project object */ = {
			isa = PBXProject;
			attributes = {
				BuildIndependentTargetsInParallel = 1;
				LastSwiftUpdateCheck = 1430;
				LastUpgradeCheck = 1430;
				TargetAttributes = {
					ADFEB0B02A861B9D00385C3F = {
						CreatedOnToolsVersion = 14.3.1;
					};
				};
			};
			buildConfigurationList = ADFEB0AC2A861B9D00385C3F /* Build configuration list for PBXProject "RainCat" */;
			compatibilityVersion = "Xcode 14.0";
			developmentRegion = en;
			hasScannedForEncodings = 0;
			knownRegions = (
				en,
				Base,
			);
			mainGroup = ADFEB0A82A861B9D00385C3F;
			productRefGroup = ADFEB0B22A861B9D00385C3F /* Products */;
			projectDirPath = "";
			projectRoot = "";
			targets = (
				ADFEB0B02A861B9D00385C3F /* RainCat */,
			);
		};
/* End PBXProject section */

/* Begin PBXResourcesBuildPhase section */
		ADFEB0AF2A861B9D00385C3F /* Resources */ = {
			isa = PBXResourcesBuildPhase;
			buildActionMask = 2147483647;
			files = (
				ADFEB0C02A861B9D00385C3F /* Main.storyboard in Resources */,
				ADFEB0E62A876A0300385C3F /* bensound-clearday.mp3 in Resources */,
				ADFEB0FC2A8A19CF00385C3F /* Pixel Digivolve Italic.otf in Resources */,
				ADFEB0E52A876A0300385C3F /* bensound-littleidea.mp3 in Resources */,
				ADFEB0C22A861B9E00385C3F /* Assets.xcassets in Resources */,
				ADFEB0E72A876A0300385C3F /* bensound-jazzcomedy.mp3 in Resources */,
				ADFEB0E92A876A0300385C3F /* cat_meow_5.wav in Resources */,
				ADFEB0EE2A876A0300385C3F /* cat_meow_4.mp3 in Resources */,
				ADFEB0C52A861B9E00385C3F /* LaunchScreen.storyboard in Resources */,
				ADFEB0EB2A876A0300385C3F /* cat_meow_3.mp3 in Resources */,
				ADFEB0EF2A876A0300385C3F /* cat_meow_7.mp3 in Resources */,
				ADFEB0FB2A8A19BD00385C3F /* Pixel Digivolve.otf in Resources */,
				ADFEB0EC2A876A0300385C3F /* cat_meow_2.mp3 in Resources */,
				ADFEB0EA2A876A0300385C3F /* cat_meow_6.wav in Resources */,
				ADFEB0E82A876A0300385C3F /* bensound-jazzyfrenchy.mp3 in Resources */,
				ADFEB0ED2A876A0300385C3F /* cat_meow_1.mp3 in Resources */,
			);
			runOnlyForDeploymentPostprocessing = 0;
		};
/* End PBXResourcesBuildPhase section */

/* Begin PBXSourcesBuildPhase section */
		ADFEB0AD2A861B9D00385C3F /* Sources */ = {
			isa = PBXSourcesBuildPhase;
			buildActionMask = 2147483647;
			files = (
				ADFEB0D62A86566400385C3F /* UmbrellaSprite.swift in Sources */,
				ADFEB0FF2A8A1D6900385C3F /* HUD.swift in Sources */,
				ADFEB1012A8B5E3000385C3F /* MenuScene.swift in Sources */,
				ADFEB0F12A876A5300385C3F /* CatSprite.swift in Sources */,
				ADFEB0F42A87A15100385C3F /* FoodSprite.swift in Sources */,
				ADFEB0BB2A861B9D00385C3F /* GameScene.swift in Sources */,
				ADFEB0BD2A861B9D00385C3F /* GameViewController.swift in Sources */,
				ADFEB0D42A86462000385C3F /* BitMaskCategory.swift in Sources */,
				ADFEB0B52A861B9D00385C3F /* AppDelegate.swift in Sources */,
				ADFEB0D12A8633A200385C3F /* Background.swift in Sources */,
				ADFEB0F62A88BEC900385C3F /* SoundManager.swift in Sources */,
			);
			runOnlyForDeploymentPostprocessing = 0;
		};
/* End PBXSourcesBuildPhase section */

/* Begin PBXVariantGroup section */
		ADFEB0BE2A861B9D00385C3F /* Main.storyboard */ = {
			isa = PBXVariantGroup;
			children = (
				ADFEB0BF2A861B9D00385C3F /* Base */,
			);
			name = Main.storyboard;
			sourceTree = "<group>";
		};
		ADFEB0C32A861B9E00385C3F /* LaunchScreen.storyboard */ = {
			isa = PBXVariantGroup;
			children = (
				ADFEB0C42A861B9E00385C3F /* Base */,
			);
			name = LaunchScreen.storyboard;
			sourceTree = "<group>";
		};
/* End PBXVariantGroup section */

/* Begin XCBuildConfiguration section */
		ADFEB0C62A861B9E00385C3F /* Debug */ = {
			isa = XCBuildConfiguration;
			buildSettings = {
				ALWAYS_SEARCH_USER_PATHS = NO;
				CLANG_ANALYZER_NONNULL = YES;
				CLANG_ANALYZER_NUMBER_OBJECT_CONVERSION = YES_AGGRESSIVE;
				CLANG_CXX_LANGUAGE_STANDARD = "gnu++20";
				CLANG_ENABLE_MODULES = YES;
				CLANG_ENABLE_OBJC_ARC = YES;
				CLANG_ENABLE_OBJC_WEAK = YES;
				CLANG_WARN_BLOCK_CAPTURE_AUTORELEASING = YES;
				CLANG_WARN_BOOL_CONVERSION = YES;
				CLANG_WARN_COMMA = YES;
				CLANG_WARN_CONSTANT_CONVERSION = YES;
				CLANG_WARN_DEPRECATED_OBJC_IMPLEMENTATIONS = YES;
				CLANG_WARN_DIRECT_OBJC_ISA_USAGE = YES_ERROR;
				CLANG_WARN_DOCUMENTATION_COMMENTS = YES;
				CLANG_WARN_EMPTY_BODY = YES;
				CLANG_WARN_ENUM_CONVERSION = YES;
				CLANG_WARN_INFINITE_RECURSION = YES;
				CLANG_WARN_INT_CONVERSION = YES;
				CLANG_WARN_NON_LITERAL_NULL_CONVERSION = YES;
				CLANG_WARN_OBJC_IMPLICIT_RETAIN_SELF = YES;
				CLANG_WARN_OBJC_LITERAL_CONVERSION = YES;
				CLANG_WARN_OBJC_ROOT_CLASS = YES_ERROR;
				CLANG_WARN_QUOTED_INCLUDE_IN_FRAMEWORK_HEADER = YES;
				CLANG_WARN_RANGE_LOOP_ANALYSIS = YES;
				CLANG_WARN_STRICT_PROTOTYPES = YES;
				CLANG_WARN_SUSPICIOUS_MOVE = YES;
				CLANG_WARN_UNGUARDED_AVAILABILITY = YES_AGGRESSIVE;
				CLANG_WARN_UNREACHABLE_CODE = YES;
				CLANG_WARN__DUPLICATE_METHOD_MATCH = YES;
				COPY_PHASE_STRIP = NO;
				DEBUG_INFORMATION_FORMAT = dwarf;
				ENABLE_STRICT_OBJC_MSGSEND = YES;
				ENABLE_TESTABILITY = YES;
				GCC_C_LANGUAGE_STANDARD = gnu11;
				GCC_DYNAMIC_NO_PIC = NO;
				GCC_NO_COMMON_BLOCKS = YES;
				GCC_OPTIMIZATION_LEVEL = 0;
				GCC_PREPROCESSOR_DEFINITIONS = (
					"DEBUG=1",
					"$(inherited)",
				);
				GCC_WARN_64_TO_32_BIT_CONVERSION = YES;
				GCC_WARN_ABOUT_RETURN_TYPE = YES_ERROR;
				GCC_WARN_UNDECLARED_SELECTOR = YES;
				GCC_WARN_UNINITIALIZED_AUTOS = YES_AGGRESSIVE;
				GCC_WARN_UNUSED_FUNCTION = YES;
				GCC_WARN_UNUSED_VARIABLE = YES;
				IPHONEOS_DEPLOYMENT_TARGET = 16.4;
				MTL_ENABLE_DEBUG_INFO = INCLUDE_SOURCE;
				MTL_FAST_MATH = YES;
				ONLY_ACTIVE_ARCH = YES;
				SDKROOT = iphoneos;
				SWIFT_ACTIVE_COMPILATION_CONDITIONS = DEBUG;
				SWIFT_OPTIMIZATION_LEVEL = "-Onone";
			};
			name = Debug;
		};
		ADFEB0C72A861B9E00385C3F /* Release */ = {
			isa = XCBuildConfiguration;
			buildSettings = {
				ALWAYS_SEARCH_USER_PATHS = NO;
				CLANG_ANALYZER_NONNULL = YES;
				CLANG_ANALYZER_NUMBER_OBJECT_CONVERSION = YES_AGGRESSIVE;
				CLANG_CXX_LANGUAGE_STANDARD = "gnu++20";
				CLANG_ENABLE_MODULES = YES;
				CLANG_ENABLE_OBJC_ARC = YES;
				CLANG_ENABLE_OBJC_WEAK = YES;
				CLANG_WARN_BLOCK_CAPTURE_AUTORELEASING = YES;
				CLANG_WARN_BOOL_CONVERSION = YES;
				CLANG_WARN_COMMA = YES;
				CLANG_WARN_CONSTANT_CONVERSION = YES;
				CLANG_WARN_DEPRECATED_OBJC_IMPLEMENTATIONS = YES;
				CLANG_WARN_DIRECT_OBJC_ISA_USAGE = YES_ERROR;
				CLANG_WARN_DOCUMENTATION_COMMENTS = YES;
				CLANG_WARN_EMPTY_BODY = YES;
				CLANG_WARN_ENUM_CONVERSION = YES;
				CLANG_WARN_INFINITE_RECURSION = YES;
				CLANG_WARN_INT_CONVERSION = YES;
				CLANG_WARN_NON_LITERAL_NULL_CONVERSION = YES;
				CLANG_WARN_OBJC_IMPLICIT_RETAIN_SELF = YES;
				CLANG_WARN_OBJC_LITERAL_CONVERSION = YES;
				CLANG_WARN_OBJC_ROOT_CLASS = YES_ERROR;
				CLANG_WARN_QUOTED_INCLUDE_IN_FRAMEWORK_HEADER = YES;
				CLANG_WARN_RANGE_LOOP_ANALYSIS = YES;
				CLANG_WARN_STRICT_PROTOTYPES = YES;
				CLANG_WARN_SUSPICIOUS_MOVE = YES;
				CLANG_WARN_UNGUARDED_AVAILABILITY = YES_AGGRESSIVE;
				CLANG_WARN_UNREACHABLE_CODE = YES;
				CLANG_WARN__DUPLICATE_METHOD_MATCH = YES;
				COPY_PHASE_STRIP = NO;
				DEBUG_INFORMATION_FORMAT = "dwarf-with-dsym";
				ENABLE_NS_ASSERTIONS = NO;
				ENABLE_STRICT_OBJC_MSGSEND = YES;
				GCC_C_LANGUAGE_STANDARD = gnu11;
				GCC_NO_COMMON_BLOCKS = YES;
				GCC_WARN_64_TO_32_BIT_CONVERSION = YES;
				GCC_WARN_ABOUT_RETURN_TYPE = YES_ERROR;
				GCC_WARN_UNDECLARED_SELECTOR = YES;
				GCC_WARN_UNINITIALIZED_AUTOS = YES_AGGRESSIVE;
				GCC_WARN_UNUSED_FUNCTION = YES;
				GCC_WARN_UNUSED_VARIABLE = YES;
				IPHONEOS_DEPLOYMENT_TARGET = 16.4;
				MTL_ENABLE_DEBUG_INFO = NO;
				MTL_FAST_MATH = YES;
				SDKROOT = iphoneos;
				SWIFT_COMPILATION_MODE = wholemodule;
				SWIFT_OPTIMIZATION_LEVEL = "-O";
				VALIDATE_PRODUCT = YES;
			};
			name = Release;
		};
		ADFEB0C92A861B9E00385C3F /* Debug */ = {
			isa = XCBuildConfiguration;
			buildSettings = {
				ASSETCATALOG_COMPILER_APPICON_NAME = AppIcon;
				ASSETCATALOG_COMPILER_GLOBAL_ACCENT_COLOR_NAME = AccentColor;
				CODE_SIGN_STYLE = Automatic;
				CURRENT_PROJECT_VERSION = 1;
				DEVELOPMENT_TEAM = CKY7SLNY4G;
				GENERATE_INFOPLIST_FILE = YES;
				INFOPLIST_FILE = RainCat/App/Info.plist;
				INFOPLIST_KEY_UIApplicationSupportsIndirectInputEvents = YES;
				INFOPLIST_KEY_UILaunchStoryboardName = LaunchScreen;
				INFOPLIST_KEY_UIMainStoryboardFile = Main;
				INFOPLIST_KEY_UIStatusBarHidden = YES;
				INFOPLIST_KEY_UISupportedInterfaceOrientations = "UIInterfaceOrientationLandscapeLeft UIInterfaceOrientationLandscapeRight";
				INFOPLIST_KEY_UISupportedInterfaceOrientations_iPad = "UIInterfaceOrientationLandscapeLeft UIInterfaceOrientationLandscapeRight UIInterfaceOrientationPortrait UIInterfaceOrientationPortraitUpsideDown";
				IPHONEOS_DEPLOYMENT_TARGET = 16.0;
				LD_RUNPATH_SEARCH_PATHS = (
					"$(inherited)",
					"@executable_path/Frameworks",
				);
				MARKETING_VERSION = 1.0;
				PRODUCT_BUNDLE_IDENTIFIER = lantsov.RainCat;
				PRODUCT_NAME = "$(TARGET_NAME)";
				SWIFT_EMIT_LOC_STRINGS = YES;
				SWIFT_VERSION = 5.0;
				TARGETED_DEVICE_FAMILY = "1,2";
			};
			name = Debug;
		};
		ADFEB0CA2A861B9E00385C3F /* Release */ = {
			isa = XCBuildConfiguration;
			buildSettings = {
				ASSETCATALOG_COMPILER_APPICON_NAME = AppIcon;
				ASSETCATALOG_COMPILER_GLOBAL_ACCENT_COLOR_NAME = AccentColor;
				CODE_SIGN_STYLE = Automatic;
				CURRENT_PROJECT_VERSION = 1;
				DEVELOPMENT_TEAM = CKY7SLNY4G;
				GENERATE_INFOPLIST_FILE = YES;
				INFOPLIST_FILE = RainCat/App/Info.plist;
				INFOPLIST_KEY_UIApplicationSupportsIndirectInputEvents = YES;
				INFOPLIST_KEY_UILaunchStoryboardName = LaunchScreen;
				INFOPLIST_KEY_UIMainStoryboardFile = Main;
				INFOPLIST_KEY_UIStatusBarHidden = YES;
				INFOPLIST_KEY_UISupportedInterfaceOrientations = "UIInterfaceOrientationLandscapeLeft UIInterfaceOrientationLandscapeRight";
				INFOPLIST_KEY_UISupportedInterfaceOrientations_iPad = "UIInterfaceOrientationLandscapeLeft UIInterfaceOrientationLandscapeRight UIInterfaceOrientationPortrait UIInterfaceOrientationPortraitUpsideDown";
				IPHONEOS_DEPLOYMENT_TARGET = 16.0;
				LD_RUNPATH_SEARCH_PATHS = (
					"$(inherited)",
					"@executable_path/Frameworks",
				);
				MARKETING_VERSION = 1.0;
				PRODUCT_BUNDLE_IDENTIFIER = lantsov.RainCat;
				PRODUCT_NAME = "$(TARGET_NAME)";
				SWIFT_EMIT_LOC_STRINGS = YES;
				SWIFT_VERSION = 5.0;
				TARGETED_DEVICE_FAMILY = "1,2";
			};
			name = Release;
		};
/* End XCBuildConfiguration section */

/* Begin XCConfigurationList section */
		ADFEB0AC2A861B9D00385C3F /* Build configuration list for PBXProject "RainCat" */ = {
			isa = XCConfigurationList;
			buildConfigurations = (
				ADFEB0C62A861B9E00385C3F /* Debug */,
				ADFEB0C72A861B9E00385C3F /* Release */,
			);
			defaultConfigurationIsVisible = 0;
			defaultConfigurationName = Release;
		};
		ADFEB0C82A861B9E00385C3F /* Build configuration list for PBXNativeTarget "RainCat" */ = {
			isa = XCConfigurationList;
			buildConfigurations = (
				ADFEB0C92A861B9E00385C3F /* Debug */,
				ADFEB0CA2A861B9E00385C3F /* Release */,
			);
			defaultConfigurationIsVisible = 0;
			defaultConfigurationName = Release;
		};
/* End XCConfigurationList section */
	};
	rootObject = ADFEB0A92A861B9D00385C3F /* Project object */;
}
